
Microsoft Visual Studio Solution File, Format Version 12.00
# Visual Studio Version 16
VisualStudioVersion = 16.0.29215.179
MinimumVisualStudioVersion = 10.0.40219.1
Project("{FAE04EC0-301F-11D3-BF4B-00C04F79EFBC}") = "MIS4200KenMcKinley", "MIS4200KenMcKinley.csproj", "{51A49FAA-F17B-4614-A76F-97F62258006B}"
EndProject
Global
	GlobalSection(SolutionConfigurationPlatforms) = preSolution
		Debug|Any CPU = Debug|Any CPU
		Release|Any CPU = Release|Any CPU
	EndGlobalSection
	GlobalSection(ProjectConfigurationPlatforms) = postSolution
		{51A49FAA-F17B-4614-A76F-97F62258006B}.Debug|Any CPU.ActiveCfg = Debug|Any CPU
		{51A49FAA-F17B-4614-A76F-97F62258006B}.Debug|Any CPU.Build.0 = Debug|Any CPU
		{51A49FAA-F17B-4614-A76F-97F62258006B}.Release|Any CPU.ActiveCfg = Release|Any CPU
		{51A49FAA-F17B-4614-A76F-97F62258006B}.Release|Any CPU.Build.0 = Release|Any CPU
	EndGlobalSection
	GlobalSection(SolutionProperties) = preSolution
		HideSolutionNode = FALSE
	EndGlobalSection
	GlobalSection(ExtensibilityGlobals) = postSolution
		SolutionGuid = {299A0B1C-98B8-4163-A852-EE51FD5A0B40}
	EndGlobalSection
EndGlobal
